<Solution>
  <Folder Name="/src/" />
  <Folder Name="/src/api/">
    <Project Path="src/api/FintechPlatform.Api.csproj" />
  </Folder>
  <Folder Name="/src/domain/">
    <Project Path="src/domain/FintechPlatform.Domain.csproj" />
  </Folder>
  <Folder Name="/src/infrastructure/">
    <Project Path="src/infrastructure/FintechPlatform.Infrastructure.csproj" />
  </Folder>
</Solution>
